
Microsoft Visual Studio Solution File, Format Version 12.00
# Visual Studio Version 16
VisualStudioVersion = 16.0.31005.135
MinimumVisualStudioVersion = 10.0.40219.1
Project("{FAE04EC0-301F-11D3-BF4B-00C04F79EFBC}") = "bcms-cli", "bcms-cli\bcms-cli.csproj", "{96C65BE9-D6BF-4129-9816-161AC86C6FDF}"
EndProject
Global
	GlobalSection(SolutionConfigurationPlatforms) = preSolution
		Debug|Any CPU = Debug|Any CPU
		Release|Any CPU = Release|Any CPU
	EndGlobalSection
	GlobalSection(ProjectConfigurationPlatforms) = postSolution
		{96C65BE9-D6BF-4129-9816-161AC86C6FDF}.Debug|Any CPU.ActiveCfg = Debug|Any CPU
		{96C65BE9-D6BF-4129-9816-161AC86C6FDF}.Debug|Any CPU.Build.0 = Debug|Any CPU
		{96C65BE9-D6BF-4129-9816-161AC86C6FDF}.Release|Any CPU.ActiveCfg = Release|Any CPU
		{96C65BE9-D6BF-4129-9816-161AC86C6FDF}.Release|Any CPU.Build.0 = Release|Any CPU
	EndGlobalSection
	GlobalSection(SolutionProperties) = preSolution
		HideSolutionNode = FALSE
	EndGlobalSection
	GlobalSection(ExtensibilityGlobals) = postSolution
		SolutionGuid = {68167447-1135-459B-8C7F-2F753E2E6D7E}
	EndGlobalSection
EndGlobal
